{
  "name": "sdk",
  "version": "1.0.0",
  "lockfileVersion": 3,
  "requires": true,
  "packages": {
    "": {
      "name": "sdk",
      "version": "1.0.0",
      "license": "ISC",
      "dependencies": {
        "@metaplex-foundation/mpl-token-metadata": "^3.4.0"
      },
      "devDependencies": {
        "typescript": "^5.8.3"
      }
    },
    "node_modules/@metaplex-foundation/mpl-token-metadata": {
      "version": "3.4.0",
      "resolved": "https://registry.npmjs.org/@metaplex-foundation/mpl-token-metadata/-/mpl-token-metadata-3.4.0.tgz",
      "integrity": "sha512-AxBAYCK73JWxY3g9//z/C9krkR0t1orXZDknUPS4+GjwGH2vgPfsk04yfZ31Htka2AdS9YE/3wH7sMUBHKn9Rg==",
      "dependencies": {
        "@metaplex-foundation/mpl-toolbox": "^0.10.0"
      },
      "peerDependencies": {
        "@metaplex-foundation/umi": ">= 0.8.2 <= 1"
      }
    },
    "node_modules/@metaplex-foundation/mpl-toolbox": {
      "version": "0.10.0",
      "resolved": "https://registry.npmjs.org/@metaplex-foundation/mpl-toolbox/-/mpl-toolbox-0.10.0.tgz",
      "integrity": "sha512-84KD1L5cFyw5xnntHwL4uPwfcrkKSiwuDeypiVr92qCUFuF3ZENa2zlFVPu+pQcjTlod2LmEX3MhBmNjRMpdKg==",
      "peerDependencies": {
        "@metaplex-foundation/umi": ">= 0.8.2 <= 1"
      }
    },
    "node_modules/@metaplex-foundation/umi": {
      "version": "1.2.0",
      "resolved": "https://registry.npmjs.org/@metaplex-foundation/umi/-/umi-1.2.0.tgz",
      "integrity": "sha512-SIcDO8O9gRYL2C5ntsedVfpRBICK7ZoMB5ap8P5N2TEJ/QC205UxDzhdQsImdWQG1DQ7XJsDXWiiFzccpFZcSg==",
      "peer": true,
      "dependencies": {
        "@metaplex-foundation/umi-options": "^1.2.0",
        "@metaplex-foundation/umi-public-keys": "^1.2.0",
        "@metaplex-foundation/umi-serializers": "^1.2.0"
      }
    },
    "node_modules/@metaplex-foundation/umi-options": {
      "version": "1.2.0",
      "resolved": "https://registry.npmjs.org/@metaplex-foundation/umi-options/-/umi-options-1.2.0.tgz",
      "integrity": "sha512-dNEfhDg9PUoosU46SnmB8PzdhgAF7qJ0RUkn5keLKU2s0Xy2DKZVtdaELTfMZZckhaDvOzRTKdphTRrEwIjbyw==",
      "peer": true
    },
    "node_modules/@metaplex-foundation/umi-public-keys": {
      "version": "1.2.0",
      "resolved": "https://registry.npmjs.org/@metaplex-foundation/umi-public-keys/-/umi-public-keys-1.2.0.tgz",
      "integrity": "sha512-UZISKLcrsAQ3M17JCkNIXtacoKHpSNEgXHGcxyJp7zfJkdLDq5Qlvd7KeyZoYC7A7XuA3lAlVY14qhhIwC5p5w==",
      "peer": true,
      "dependencies": {
        "@metaplex-foundation/umi-serializers-encodings": "^1.2.0"
      }
    },
    "node_modules/@metaplex-foundation/umi-serializers": {
      "version": "1.2.0",
      "resolved": "https://registry.npmjs.org/@metaplex-foundation/umi-serializers/-/umi-serializers-1.2.0.tgz",
      "integrity": "sha512-7ivgqVP6ZouN13EBN5aMirjoX2x0Ja7IuzrBeIa8YYrxGcy7YQp+fUj4YCPtMClzsETgJ5jL8EZnZPpZX4dxaQ==",
      "peer": true,
      "dependencies": {
        "@metaplex-foundation/umi-options": "^1.2.0",
        "@metaplex-foundation/umi-public-keys": "^1.2.0",
        "@metaplex-foundation/umi-serializers-core": "^1.2.0",
        "@metaplex-foundation/umi-serializers-encodings": "^1.2.0",
        "@metaplex-foundation/umi-serializers-numbers": "^1.2.0"
      }
    },
    "node_modules/@metaplex-foundation/umi-serializers-core": {
      "version": "1.2.0",
      "resolved": "https://registry.npmjs.org/@metaplex-foundation/umi-serializers-core/-/umi-serializers-core-1.2.0.tgz",
      "integrity": "sha512-9scqhjkjW8tJ+/q1veh73jQjo9vvgTN5iN4OfOYFMtFVTT8/y2AVxGmniV/DbQC5wIgx7WTZkAnJmqOMs2904Q==",
      "peer": true
    },
    "node_modules/@metaplex-foundation/umi-serializers-encodings": {
      "version": "1.2.0",
      "resolved": "https://registry.npmjs.org/@metaplex-foundation/umi-serializers-encodings/-/umi-serializers-encodings-1.2.0.tgz",
      "integrity": "sha512-Yo3TPI9ei8Z5eTJ1UeT12+pYaQ1zMSn57/M/3r4WAOTFtTCOuKsDRKg8eBQCpBuffH8yGUbRs0poy1n25IzeNg==",
      "peer": true,
      "dependencies": {
        "@metaplex-foundation/umi-serializers-core": "^1.2.0"
      }
    },
    "node_modules/@metaplex-foundation/umi-serializers-numbers": {
      "version": "1.2.0",
      "resolved": "https://registry.npmjs.org/@metaplex-foundation/umi-serializers-numbers/-/umi-serializers-numbers-1.2.0.tgz",
      "integrity": "sha512-ZBVb498GHYlfB+1JzOcczJ1LrCYWr0IiiXjeEAf+64mSSp3IFwK7D3rjL6RZ05bjxBzuWDJVRzI+mFVFC9UgtQ==",
      "peer": true,
      "dependencies": {
        "@metaplex-foundation/umi-serializers-core": "^1.2.0"
      }
    },
    "node_modules/typescript": {
      "version": "5.8.3",
      "resolved": "https://registry.npmjs.org/typescript/-/typescript-5.8.3.tgz",
      "integrity": "sha512-p1diW6TqL9L07nNxvRMM7hMMw4c5XOo/1ibL4aAIGmSAt9slTE1Xgw5KWuof2uTOvCg9BY7ZRi+GaF+7sfgPeQ==",
      "dev": true,
      "bin": {
        "tsc": "bin/tsc",
        "tsserver": "bin/tsserver"
      },
      "engines": {
        "node": ">=14.17"
      }
    }
  }
}
